// !$*UTF8*$!
{
	archiveVersion = 1;
	classes = {
	};
	objectVersion = 50;
	objects = {

/* Begin PBXBuildFile section */
		0217AB1EBCBE8DF115BA38D8 /* Pods_create2Dgraphics.framework in Frameworks */ = {isa = PBXBuildFile; fileRef = EAC60EEC2C6273436FB4F64C /* Pods_create2Dgraphics.framework */; };
		0E507362208B861800ACD00B /* AppDelegate.swift in Sources */ = {isa = PBXBuildFile; fileRef = 0E507361208B861800ACD00B /* AppDelegate.swift */; };
		0E507364208B861800ACD00B /* ViewController.swift in Sources */ = {isa = PBXBuildFile; fileRef = 0E507363208B861800ACD00B /* ViewController.swift */; };
		0E507366208B861900ACD00B /* Assets.xcassets in Resources */ = {isa = PBXBuildFile; fileRef = 0E507365208B861900ACD00B /* Assets.xcassets */; };
		0E507369208B861900ACD00B /* Main.storyboard in Resources */ = {isa = PBXBuildFile; fileRef = 0E507367208B861900ACD00B /* Main.storyboard */; };
		0E507375208B861A00ACD00B /* create2DgraphicsTests.swift in Sources */ = {isa = PBXBuildFile; fileRef = 0E507374208B861A00ACD00B /* create2DgraphicsTests.swift */; };
		0E507380208B861A00ACD00B /* create2DgraphicsUITests.swift in Sources */ = {isa = PBXBuildFile; fileRef = 0E50737F208B861A00ACD00B /* create2DgraphicsUITests.swift */; };
		6DD2178DD58E2FEBCA3D1E2A /* Pods_create2DgraphicsUITests.framework in Frameworks */ = {isa = PBXBuildFile; fileRef = AFCDB2EAE5DF849A051023FE /* Pods_create2DgraphicsUITests.framework */; };
		B07DDFB540592DF3659DD700 /* Pods_create2DgraphicsTests.framework in Frameworks */ = {isa = PBXBuildFile; fileRef = 6459B71CD55368FBED2204D4 /* Pods_create2DgraphicsTests.framework */; };
/* End PBXBuildFile section */

/* Begin PBXContainerItemProxy section */
		0E507371208B861A00ACD00B /* PBXContainerItemProxy */ = {
			isa = PBXContainerItemProxy;
			containerPortal = 0E507356208B861800ACD00B /* Project object */;
			proxyType = 1;
			remoteGlobalIDString = 0E50735D208B861800ACD00B;
			remoteInfo = create2Dgraphics;
		};
		0E50737C208B861A00ACD00B /* PBXContainerItemProxy */ = {
			isa = PBXContainerItemProxy;
			containerPortal = 0E507356208B861800ACD00B /* Project object */;
			proxyType = 1;
			remoteGlobalIDString = 0E50735D208B861800ACD00B;
			remoteInfo = create2Dgraphics;
		};
/* End PBXContainerItemProxy section */

/* Begin PBXFileReference section */
		0579B2B86B33237C0989FD5E /* Pods-create2DgraphicsTests.debug.xcconfig */ = {isa = PBXFileReference; includeInIndex = 1; lastKnownFileType = text.xcconfig; name = "Pods-create2DgraphicsTests.debug.xcconfig"; path = "Pods/Target Support Files/Pods-create2DgraphicsTests/Pods-create2DgraphicsTests.debug.xcconfig"; sourceTree = "<group>"; };
		0E50735E208B861800ACD00B /* create2Dgraphics.app */ = {isa = PBXFileReference; explicitFileType = wrapper.application; includeInIndex = 0; path = create2Dgraphics.app; sourceTree = BUILT_PRODUCTS_DIR; };
		0E507361208B861800ACD00B /* AppDelegate.swift */ = {isa = PBXFileReference; lastKnownFileType = sourcecode.swift; path = AppDelegate.swift; sourceTree = "<group>"; };
		0E507363208B861800ACD00B /* ViewController.swift */ = {isa = PBXFileReference; lastKnownFileType = sourcecode.swift; path = ViewController.swift; sourceTree = "<group>"; };
		0E507365208B861900ACD00B /* Assets.xcassets */ = {isa = PBXFileReference; lastKnownFileType = folder.assetcatalog; path = Assets.xcassets; sourceTree = "<group>"; };
		0E507368208B861900ACD00B /* Base */ = {isa = PBXFileReference; lastKnownFileType = file.storyboard; name = Base; path = Base.lproj/Main.storyboard; sourceTree = "<group>"; };
		0E50736A208B861A00ACD00B /* Info.plist */ = {isa = PBXFileReference; lastKnownFileType = text.plist.xml; path = Info.plist; sourceTree = "<group>"; };
		0E50736B208B861A00ACD00B /* create2Dgraphics.entitlements */ = {isa = PBXFileReference; lastKnownFileType = text.plist.entitlements; path = create2Dgraphics.entitlements; sourceTree = "<group>"; };
		0E507370208B861A00ACD00B /* create2DgraphicsTests.xctest */ = {isa = PBXFileReference; explicitFileType = wrapper.cfbundle; includeInIndex = 0; path = create2DgraphicsTests.xctest; sourceTree = BUILT_PRODUCTS_DIR; };
		0E507374208B861A00ACD00B /* create2DgraphicsTests.swift */ = {isa = PBXFileReference; lastKnownFileType = sourcecode.swift; path = create2DgraphicsTests.swift; sourceTree = "<group>"; };
		0E507376208B861A00ACD00B /* Info.plist */ = {isa = PBXFileReference; lastKnownFileType = text.plist.xml; path = Info.plist; sourceTree = "<group>"; };
		0E50737B208B861A00ACD00B /* create2DgraphicsUITests.xctest */ = {isa = PBXFileReference; explicitFileType = wrapper.cfbundle; includeInIndex = 0; path = create2DgraphicsUITests.xctest; sourceTree = BUILT_PRODUCTS_DIR; };
		0E50737F208B861A00ACD00B /* create2DgraphicsUITests.swift */ = {isa = PBXFileReference; lastKnownFileType = sourcecode.swift; path = create2DgraphicsUITests.swift; sourceTree = "<group>"; };
		0E507381208B861A00ACD00B /* Info.plist */ = {isa = PBXFileReference; lastKnownFileType = text.plist.xml; path = Info.plist; sourceTree = "<group>"; };
		6026215BF7F9BABF98200C3C /* Pods-create2DgraphicsTests.release.xcconfig */ = {isa = PBXFileReference; includeInIndex = 1; lastKnownFileType = text.xcconfig; name = "Pods-create2DgraphicsTests.release.xcconfig"; path = "Pods/Target Support Files/Pods-create2DgraphicsTests/Pods-create2DgraphicsTests.release.xcconfig"; sourceTree = "<group>"; };
		6459B71CD55368FBED2204D4 /* Pods_create2DgraphicsTests.framework */ = {isa = PBXFileReference; explicitFileType = wrapper.framework; includeInIndex = 0; path = Pods_create2DgraphicsTests.framework; sourceTree = BUILT_PRODUCTS_DIR; };
		78069318279091D0805EA14A /* Pods-create2Dgraphics.release.xcconfig */ = {isa = PBXFileReference; includeInIndex = 1; lastKnownFileType = text.xcconfig; name = "Pods-create2Dgraphics.release.xcconfig"; path = "Pods/Target Support Files/Pods-create2Dgraphics/Pods-create2Dgraphics.release.xcconfig"; sourceTree = "<group>"; };
		A1187C94A85D26BA93BCA360 /* Pods-create2Dgraphics.debug.xcconfig */ = {isa = PBXFileReference; includeInIndex = 1; lastKnownFileType = text.xcconfig; name = "Pods-create2Dgraphics.debug.xcconfig"; path = "Pods/Target Support Files/Pods-create2Dgraphics/Pods-create2Dgraphics.debug.xcconfig"; sourceTree = "<group>"; };
		AFCDB2EAE5DF849A051023FE /* Pods_create2DgraphicsUITests.framework */ = {isa = PBXFileReference; explicitFileType = wrapper.framework; includeInIndex = 0; path = Pods_create2DgraphicsUITests.framework; sourceTree = BUILT_PRODUCTS_DIR; };
		C26A9AC6DF87893385339042 /* Pods-create2DgraphicsUITests.release.xcconfig */ = {isa = PBXFileReference; includeInIndex = 1; lastKnownFileType = text.xcconfig; name = "Pods-create2DgraphicsUITests.release.xcconfig"; path = "Pods/Target Support Files/Pods-create2DgraphicsUITests/Pods-create2DgraphicsUITests.release.xcconfig"; sourceTree = "<group>"; };
		EAC60EEC2C6273436FB4F64C /* Pods_create2Dgraphics.framework */ = {isa = PBXFileReference; explicitFileType = wrapper.framework; includeInIndex = 0; path = Pods_create2Dgraphics.framework; sourceTree = BUILT_PRODUCTS_DIR; };
		F7E80084D6AF46933113D643 /* Pods-create2DgraphicsUITests.debug.xcconfig */ = {isa = PBXFileReference; includeInIndex = 1; lastKnownFileType = text.xcconfig; name = "Pods-create2DgraphicsUITests.debug.xcconfig"; path = "Pods/Target Support Files/Pods-create2DgraphicsUITests/Pods-create2DgraphicsUITests.debug.xcconfig"; sourceTree = "<group>"; };
/* End PBXFileReference section */

/* Begin PBXFrameworksBuildPhase section */
		0E50735B208B861800ACD00B /* Frameworks */ = {
			isa = PBXFrameworksBuildPhase;
			buildActionMask = 2147483647;
			files = (
				0217AB1EBCBE8DF115BA38D8 /* Pods_create2Dgraphics.framework in Frameworks */,
			);
			runOnlyForDeploymentPostprocessing = 0;
		};
		0E50736D208B861A00ACD00B /* Frameworks */ = {
			isa = PBXFrameworksBuildPhase;
			buildActionMask = 2147483647;
			files = (
				B07DDFB540592DF3659DD700 /* Pods_create2DgraphicsTests.framework in Frameworks */,
			);
			runOnlyForDeploymentPostprocessing = 0;
		};
		0E507378208B861A00ACD00B /* Frameworks */ = {
			isa = PBXFrameworksBuildPhase;
			buildActionMask = 2147483647;
			files = (
				6DD2178DD58E2FEBCA3D1E2A /* Pods_create2DgraphicsUITests.framework in Frameworks */,
			);
			runOnlyForDeploymentPostprocessing = 0;
		};
/* End PBXFrameworksBuildPhase section */

/* Begin PBXGroup section */
		0E507355208B861800ACD00B = {
			isa = PBXGroup;
			children = (
				0E507360208B861800ACD00B /* create2Dgraphics */,
				0E507373208B861A00ACD00B /* create2DgraphicsTests */,
				0E50737E208B861A00ACD00B /* create2DgraphicsUITests */,
				0E50735F208B861800ACD00B /* Products */,
				CEEBDC5D32C1E935907A2AD3 /* Pods */,
				A394C4135DA0A25419F6BFA6 /* Frameworks */,
			);
			sourceTree = "<group>";
		};
		0E50735F208B861800ACD00B /* Products */ = {
			isa = PBXGroup;
			children = (
				0E50735E208B861800ACD00B /* create2Dgraphics.app */,
				0E507370208B861A00ACD00B /* create2DgraphicsTests.xctest */,
				0E50737B208B861A00ACD00B /* create2DgraphicsUITests.xctest */,
			);
			name = Products;
			sourceTree = "<group>";
		};
		0E507360208B861800ACD00B /* create2Dgraphics */ = {
			isa = PBXGroup;
			children = (
				0E507361208B861800ACD00B /* AppDelegate.swift */,
				0E507363208B861800ACD00B /* ViewController.swift */,
				0E507365208B861900ACD00B /* Assets.xcassets */,
				0E507367208B861900ACD00B /* Main.storyboard */,
				0E50736A208B861A00ACD00B /* Info.plist */,
				0E50736B208B861A00ACD00B /* create2Dgraphics.entitlements */,
			);
			path = create2Dgraphics;
			sourceTree = "<group>";
		};
		0E507373208B861A00ACD00B /* create2DgraphicsTests */ = {
			isa = PBXGroup;
			children = (
				0E507374208B861A00ACD00B /* create2DgraphicsTests.swift */,
				0E507376208B861A00ACD00B /* Info.plist */,
			);
			path = create2DgraphicsTests;
			sourceTree = "<group>";
		};
		0E50737E208B861A00ACD00B /* create2DgraphicsUITests */ = {
			isa = PBXGroup;
			children = (
				0E50737F208B861A00ACD00B /* create2DgraphicsUITests.swift */,
				0E507381208B861A00ACD00B /* Info.plist */,
			);
			path = create2DgraphicsUITests;
			sourceTree = "<group>";
		};
		A394C4135DA0A25419F6BFA6 /* Frameworks */ = {
			isa = PBXGroup;
			children = (
				EAC60EEC2C6273436FB4F64C /* Pods_create2Dgraphics.framework */,
				6459B71CD55368FBED2204D4 /* Pods_create2DgraphicsTests.framework */,
				AFCDB2EAE5DF849A051023FE /* Pods_create2DgraphicsUITests.framework */,
			);
			name = Frameworks;
			sourceTree = "<group>";
		};
		CEEBDC5D32C1E935907A2AD3 /* Pods */ = {
			isa = PBXGroup;
			children = (
				A1187C94A85D26BA93BCA360 /* Pods-create2Dgraphics.debug.xcconfig */,
				78069318279091D0805EA14A /* Pods-create2Dgraphics.release.xcconfig */,
				0579B2B86B33237C0989FD5E /* Pods-create2DgraphicsTests.debug.xcconfig */,
				6026215BF7F9BABF98200C3C /* Pods-create2DgraphicsTests.release.xcconfig */,
				F7E80084D6AF46933113D643 /* Pods-create2DgraphicsUITests.debug.xcconfig */,
				C26A9AC6DF87893385339042 /* Pods-create2DgraphicsUITests.release.xcconfig */,
			);
			name = Pods;
			sourceTree = "<group>";
		};
/* End PBXGroup section */

/* Begin PBXNativeTarget section */
		0E50735D208B861800ACD00B /* create2Dgraphics */ = {
			isa = PBXNativeTarget;
			buildConfigurationList = 0E507384208B861A00ACD00B /* Build configuration list for PBXNativeTarget "create2Dgraphics" */;
			buildPhases = (
				77C555D391F4695A616725CB /* [CP] Check Pods Manifest.lock */,
				0E50735A208B861800ACD00B /* Sources */,
				0E50735B208B861800ACD00B /* Frameworks */,
				0E50735C208B861800ACD00B /* Resources */,
				ADAC2776D323B0DEB2757AC1 /* [CP] Embed Pods Frameworks */,
			);
			buildRules = (
			);
			dependencies = (
			);
			name = create2Dgraphics;
			productName = create2Dgraphics;
			productReference = 0E50735E208B861800ACD00B /* create2Dgraphics.app */;
			productType = "com.apple.product-type.application";
		};
		0E50736F208B861A00ACD00B /* create2DgraphicsTests */ = {
			isa = PBXNativeTarget;
			buildConfigurationList = 0E507387208B861A00ACD00B /* Build configuration list for PBXNativeTarget "create2DgraphicsTests" */;
			buildPhases = (
				84A947D4DF8659E092CDB607 /* [CP] Check Pods Manifest.lock */,
				0E50736C208B861A00ACD00B /* Sources */,
				0E50736D208B861A00ACD00B /* Frameworks */,
				0E50736E208B861A00ACD00B /* Resources */,
				7E1ED48E9A3BAF922F3CE331 /* [CP] Embed Pods Frameworks */,
			);
			buildRules = (
			);
			dependencies = (
				0E507372208B861A00ACD00B /* PBXTargetDependency */,
			);
			name = create2DgraphicsTests;
			productName = create2DgraphicsTests;
			productReference = 0E507370208B861A00ACD00B /* create2DgraphicsTests.xctest */;
			productType = "com.apple.product-type.bundle.unit-test";
		};
		0E50737A208B861A00ACD00B /* create2DgraphicsUITests */ = {
			isa = PBXNativeTarget;
			buildConfigurationList = 0E50738A208B861A00ACD00B /* Build configuration list for PBXNativeTarget "create2DgraphicsUITests" */;
			buildPhases = (
				7B00BB1B64E7473FDDB8B2D9 /* [CP] Check Pods Manifest.lock */,
				0E507377208B861A00ACD00B /* Sources */,
				0E507378208B861A00ACD00B /* Frameworks */,
				0E507379208B861A00ACD00B /* Resources */,
				AC6298153FAE3B1886B8990F /* [CP] Embed Pods Frameworks */,
			);
			buildRules = (
			);
			dependencies = (
				0E50737D208B861A00ACD00B /* PBXTargetDependency */,
			);
			name = create2DgraphicsUITests;
			productName = create2DgraphicsUITests;
			productReference = 0E50737B208B861A00ACD00B /* create2DgraphicsUITests.xctest */;
			productType = "com.apple.product-type.bundle.ui-testing";
		};
/* End PBXNativeTarget section */

/* Begin PBXProject section */
		0E507356208B861800ACD00B /* Project object */ = {
			isa = PBXProject;
			attributes = {
				LastSwiftUpdateCheck = 0930;
				LastUpgradeCheck = 0930;
				ORGANIZATIONNAME = matsuda;
				TargetAttributes = {
					0E50735D208B861800ACD00B = {
						CreatedOnToolsVersion = 9.3;
					};
					0E50736F208B861A00ACD00B = {
						CreatedOnToolsVersion = 9.3;
						TestTargetID = 0E50735D208B861800ACD00B;
					};
					0E50737A208B861A00ACD00B = {
						CreatedOnToolsVersion = 9.3;
						TestTargetID = 0E50735D208B861800ACD00B;
					};
				};
			};
			buildConfigurationList = 0E507359208B861800ACD00B /* Build configuration list for PBXProject "create2Dgraphics" */;
			compatibilityVersion = "Xcode 9.3";
			developmentRegion = en;
			hasScannedForEncodings = 0;
			knownRegions = (
				en,
				Base,
			);
			mainGroup = 0E507355208B861800ACD00B;
			productRefGroup = 0E50735F208B861800ACD00B /* Products */;
			projectDirPath = "";
			projectRoot = "";
			targets = (
				0E50735D208B861800ACD00B /* create2Dgraphics */,
				0E50736F208B861A00ACD00B /* create2DgraphicsTests */,
				0E50737A208B861A00ACD00B /* create2DgraphicsUITests */,
			);
		};
/* End PBXProject section */

/* Begin PBXResourcesBuildPhase section */
		0E50735C208B861800ACD00B /* Resources */ = {
			isa = PBXResourcesBuildPhase;
			buildActionMask = 2147483647;
			files = (
				0E507366208B861900ACD00B /* Assets.xcassets in Resources */,
				0E507369208B861900ACD00B /* Main.storyboard in Resources */,
			);
			runOnlyForDeploymentPostprocessing = 0;
		};
		0E50736E208B861A00ACD00B /* Resources */ = {
			isa = PBXResourcesBuildPhase;
			buildActionMask = 2147483647;
			files = (
			);
			runOnlyForDeploymentPostprocessing = 0;
		};
		0E507379208B861A00ACD00B /* Resources */ = {
			isa = PBXResourcesBuildPhase;
			buildActionMask = 2147483647;
			files = (
			);
			runOnlyForDeploymentPostprocessing = 0;
		};
/* End PBXResourcesBuildPhase section */

/* Begin PBXShellScriptBuildPhase section */
		77C555D391F4695A616725CB /* [CP] Check Pods Manifest.lock */ = {
			isa = PBXShellScriptBuildPhase;
			buildActionMask = 2147483647;
			files = (
			);
			inputPaths = (
				"${PODS_PODFILE_DIR_PATH}/Podfile.lock",
				"${PODS_ROOT}/Manifest.lock",
			);
			name = "[CP] Check Pods Manifest.lock";
			outputPaths = (
				"$(DERIVED_FILE_DIR)/Pods-create2Dgraphics-checkManifestLockResult.txt",
			);
			runOnlyForDeploymentPostprocessing = 0;
			shellPath = /bin/sh;
			shellScript = "diff \"${PODS_PODFILE_DIR_PATH}/Podfile.lock\" \"${PODS_ROOT}/Manifest.lock\" > /dev/null\nif [ $? != 0 ] ; then\n    # print error to STDERR\n    echo \"error: The sandbox is not in sync with the Podfile.lock. Run 'pod install' or update your CocoaPods installation.\" >&2\n    exit 1\nfi\n# This output is used by Xcode 'outputs' to avoid re-running this script phase.\necho \"SUCCESS\" > \"${SCRIPT_OUTPUT_FILE_0}\"\n";
			showEnvVarsInLog = 0;
		};
		7B00BB1B64E7473FDDB8B2D9 /* [CP] Check Pods Manifest.lock */ = {
			isa = PBXShellScriptBuildPhase;
			buildActionMask = 2147483647;
			files = (
			);
			inputPaths = (
				"${PODS_PODFILE_DIR_PATH}/Podfile.lock",
				"${PODS_ROOT}/Manifest.lock",
			);
			name = "[CP] Check Pods Manifest.lock";
			outputPaths = (
				"$(DERIVED_FILE_DIR)/Pods-create2DgraphicsUITests-checkManifestLockResult.txt",
			);
			runOnlyForDeploymentPostprocessing = 0;
			shellPath = /bin/sh;
			shellScript = "diff \"${PODS_PODFILE_DIR_PATH}/Podfile.lock\" \"${PODS_ROOT}/Manifest.lock\" > /dev/null\nif [ $? != 0 ] ; then\n    # print error to STDERR\n    echo \"error: The sandbox is not in sync with the Podfile.lock. Run 'pod install' or update your CocoaPods installation.\" >&2\n    exit 1\nfi\n# This output is used by Xcode 'outputs' to avoid re-running this script phase.\necho \"SUCCESS\" > \"${SCRIPT_OUTPUT_FILE_0}\"\n";
			showEnvVarsInLog = 0;
		};
		7E1ED48E9A3BAF922F3CE331 /* [CP] Embed Pods Frameworks */ = {
			isa = PBXShellScriptBuildPhase;
			buildActionMask = 2147483647;
			files = (
			);
			inputPaths = (
				"${SRCROOT}/Pods/Target Support Files/Pods-create2DgraphicsTests/Pods-create2DgraphicsTests-frameworks.sh",
				"${BUILT_PRODUCTS_DIR}/ReactiveCocoa/ReactiveCocoa.framework",
				"${BUILT_PRODUCTS_DIR}/libextobjc/libextobjc.framework",
				"${BUILT_PRODUCTS_DIR}/libffi/libffi.framework",
			);
			name = "[CP] Embed Pods Frameworks";
			outputPaths = (
				"${TARGET_BUILD_DIR}/${FRAMEWORKS_FOLDER_PATH}/ReactiveCocoa.framework",
				"${TARGET_BUILD_DIR}/${FRAMEWORKS_FOLDER_PATH}/libextobjc.framework",
				"${TARGET_BUILD_DIR}/${FRAMEWORKS_FOLDER_PATH}/libffi.framework",
			);
			runOnlyForDeploymentPostprocessing = 0;
			shellPath = /bin/sh;
			shellScript = "\"${SRCROOT}/Pods/Target Support Files/Pods-create2DgraphicsTests/Pods-create2DgraphicsTests-frameworks.sh\"\n";
			showEnvVarsInLog = 0;
		};
		84A947D4DF8659E092CDB607 /* [CP] Check Pods Manifest.lock */ = {
			isa = PBXShellScriptBuildPhase;
			buildActionMask = 2147483647;
			files = (
			);
			inputPaths = (
				"${PODS_PODFILE_DIR_PATH}/Podfile.lock",
				"${PODS_ROOT}/Manifest.lock",
			);
			name = "[CP] Check Pods Manifest.lock";
			outputPaths = (
				"$(DERIVED_FILE_DIR)/Pods-create2DgraphicsTests-checkManifestLockResult.txt",
			);
			runOnlyForDeploymentPostprocessing = 0;
			shellPath = /bin/sh;
			shellScript = "diff \"${PODS_PODFILE_DIR_PATH}/Podfile.lock\" \"${PODS_ROOT}/Manifest.lock\" > /dev/null\nif [ $? != 0 ] ; then\n    # print error to STDERR\n    echo \"error: The sandbox is not in sync with the Podfile.lock. Run 'pod install' or update your CocoaPods installation.\" >&2\n    exit 1\nfi\n# This output is used by Xcode 'outputs' to avoid re-running this script phase.\necho \"SUCCESS\" > \"${SCRIPT_OUTPUT_FILE_0}\"\n";
			showEnvVarsInLog = 0;
		};
		AC6298153FAE3B1886B8990F /* [CP] Embed Pods Frameworks */ = {
			isa = PBXShellScriptBuildPhase;
			buildActionMask = 2147483647;
			files = (
			);
			inputPaths = (
				"${SRCROOT}/Pods/Target Support Files/Pods-create2DgraphicsUITests/Pods-create2DgraphicsUITests-frameworks.sh",
				"${BUILT_PRODUCTS_DIR}/ReactiveCocoa/ReactiveCocoa.framework",
				"${BUILT_PRODUCTS_DIR}/libextobjc/libextobjc.framework",
				"${BUILT_PRODUCTS_DIR}/libffi/libffi.framework",
			);
			name = "[CP] Embed Pods Frameworks";
			outputPaths = (
				"${TARGET_BUILD_DIR}/${FRAMEWORKS_FOLDER_PATH}/ReactiveCocoa.framework",
				"${TARGET_BUILD_DIR}/${FRAMEWORKS_FOLDER_PATH}/libextobjc.framework",
				"${TARGET_BUILD_DIR}/${FRAMEWORKS_FOLDER_PATH}/libffi.framework",
			);
			runOnlyForDeploymentPostprocessing = 0;
			shellPath = /bin/sh;
			shellScript = "\"${SRCROOT}/Pods/Target Support Files/Pods-create2DgraphicsUITests/Pods-create2DgraphicsUITests-frameworks.sh\"\n";
			showEnvVarsInLog = 0;
		};
		ADAC2776D323B0DEB2757AC1 /* [CP] Embed Pods Frameworks */ = {
			isa = PBXShellScriptBuildPhase;
			buildActionMask = 2147483647;
			files = (
			);
			inputPaths = (
				"${SRCROOT}/Pods/Target Support Files/Pods-create2Dgraphics/Pods-create2Dgraphics-frameworks.sh",
				"${BUILT_PRODUCTS_DIR}/ReactiveCocoa/ReactiveCocoa.framework",
				"${BUILT_PRODUCTS_DIR}/libextobjc/libextobjc.framework",
				"${BUILT_PRODUCTS_DIR}/libffi/libffi.framework",
			);
			name = "[CP] Embed Pods Frameworks";
			outputPaths = (
				"${TARGET_BUILD_DIR}/${FRAMEWORKS_FOLDER_PATH}/ReactiveCocoa.framework",
				"${TARGET_BUILD_DIR}/${FRAMEWORKS_FOLDER_PATH}/libextobjc.framework",
				"${TARGET_BUILD_DIR}/${FRAMEWORKS_FOLDER_PATH}/libffi.framework",
			);
			runOnlyForDeploymentPostprocessing = 0;
			shellPath = /bin/sh;
			shellScript = "\"${SRCROOT}/Pods/Target Support Files/Pods-create2Dgraphics/Pods-create2Dgraphics-frameworks.sh\"\n";
			showEnvVarsInLog = 0;
		};
/* End PBXShellScriptBuildPhase section */

/* Begin PBXSourcesBuildPhase section */
		0E50735A208B861800ACD00B /* Sources */ = {
			isa = PBXSourcesBuildPhase;
			buildActionMask = 2147483647;
			files = (
				0E507364208B861800ACD00B /* ViewController.swift in Sources */,
				0E507362208B861800ACD00B /* AppDelegate.swift in Sources */,
			);
			runOnlyForDeploymentPostprocessing = 0;
		};
		0E50736C208B861A00ACD00B /* Sources */ = {
			isa = PBXSourcesBuildPhase;
			buildActionMask = 2147483647;
			files = (
				0E507375208B861A00ACD00B /* create2DgraphicsTests.swift in Sources */,
			);
			runOnlyForDeploymentPostprocessing = 0;
		};
		0E507377208B861A00ACD00B /* Sources */ = {
			isa = PBXSourcesBuildPhase;
			buildActionMask = 2147483647;
			files = (
				0E507380208B861A00ACD00B /* create2DgraphicsUITests.swift in Sources */,
			);
			runOnlyForDeploymentPostprocessing = 0;
		};
/* End PBXSourcesBuildPhase section */

/* Begin PBXTargetDependency section */
		0E507372208B861A00ACD00B /* PBXTargetDependency */ = {
			isa = PBXTargetDependency;
			target = 0E50735D208B861800ACD00B /* create2Dgraphics */;
			targetProxy = 0E507371208B861A00ACD00B /* PBXContainerItemProxy */;
		};
		0E50737D208B861A00ACD00B /* PBXTargetDependency */ = {
			isa = PBXTargetDependency;
			target = 0E50735D208B861800ACD00B /* create2Dgraphics */;
			targetProxy = 0E50737C208B861A00ACD00B /* PBXContainerItemProxy */;
		};
/* End PBXTargetDependency section */

/* Begin PBXVariantGroup section */
		0E507367208B861900ACD00B /* Main.storyboard */ = {
			isa = PBXVariantGroup;
			children = (
				0E507368208B861900ACD00B /* Base */,
			);
			name = Main.storyboard;
			sourceTree = "<group>";
		};
/* End PBXVariantGroup section */

/* Begin XCBuildConfiguration section */
		0E507382208B861A00ACD00B /* Debug */ = {
			isa = XCBuildConfiguration;
			buildSettings = {
				ALWAYS_SEARCH_USER_PATHS = NO;
				CLANG_ANALYZER_NONNULL = YES;
				CLANG_ANALYZER_NUMBER_OBJECT_CONVERSION = YES_AGGRESSIVE;
				CLANG_CXX_LANGUAGE_STANDARD = "gnu++14";
				CLANG_CXX_LIBRARY = "libc++";
				CLANG_ENABLE_MODULES = YES;
				CLANG_ENABLE_OBJC_ARC = YES;
				CLANG_ENABLE_OBJC_WEAK = YES;
				CLANG_WARN_BLOCK_CAPTURE_AUTORELEASING = YES;
				CLANG_WARN_BOOL_CONVERSION = YES;
				CLANG_WARN_COMMA = YES;
				CLANG_WARN_CONSTANT_CONVERSION = YES;
				CLANG_WARN_DEPRECATED_OBJC_IMPLEMENTATIONS = YES;
				CLANG_WARN_DIRECT_OBJC_ISA_USAGE = YES_ERROR;
				CLANG_WARN_DOCUMENTATION_COMMENTS = YES;
				CLANG_WARN_EMPTY_BODY = YES;
				CLANG_WARN_ENUM_CONVERSION = YES;
				CLANG_WARN_INFINITE_RECURSION = YES;
				CLANG_WARN_INT_CONVERSION = YES;
				CLANG_WARN_NON_LITERAL_NULL_CONVERSION = YES;
				CLANG_WARN_OBJC_IMPLICIT_RETAIN_SELF = YES;
				CLANG_WARN_OBJC_LITERAL_CONVERSION = YES;
				CLANG_WARN_OBJC_ROOT_CLASS = YES_ERROR;
				CLANG_WARN_RANGE_LOOP_ANALYSIS = YES;
				CLANG_WARN_STRICT_PROTOTYPES = YES;
				CLANG_WARN_SUSPICIOUS_MOVE = YES;
				CLANG_WARN_UNGUARDED_AVAILABILITY = YES_AGGRESSIVE;
				CLANG_WARN_UNREACHABLE_CODE = YES;
				CLANG_WARN__DUPLICATE_METHOD_MATCH = YES;
				CODE_SIGN_IDENTITY = "-";
				COPY_PHASE_STRIP = NO;
				DEBUG_INFORMATION_FORMAT = dwarf;
				ENABLE_STRICT_OBJC_MSGSEND = YES;
				ENABLE_TESTABILITY = YES;
				GCC_C_LANGUAGE_STANDARD = gnu11;
				GCC_DYNAMIC_NO_PIC = NO;
				GCC_NO_COMMON_BLOCKS = YES;
				GCC_OPTIMIZATION_LEVEL = 0;
				GCC_PREPROCESSOR_DEFINITIONS = (
					"DEBUG=1",
					"$(inherited)",
				);
				GCC_WARN_64_TO_32_BIT_CONVERSION = YES;
				GCC_WARN_ABOUT_RETURN_TYPE = YES_ERROR;
				GCC_WARN_UNDECLARED_SELECTOR = YES;
				GCC_WARN_UNINITIALIZED_AUTOS = YES_AGGRESSIVE;
				GCC_WARN_UNUSED_FUNCTION = YES;
				GCC_WARN_UNUSED_VARIABLE = YES;
				MACOSX_DEPLOYMENT_TARGET = 10.13;
				MTL_ENABLE_DEBUG_INFO = YES;
				ONLY_ACTIVE_ARCH = YES;
				SDKROOT = macosx;
				SWIFT_ACTIVE_COMPILATION_CONDITIONS = DEBUG;
				SWIFT_OPTIMIZATION_LEVEL = "-Onone";
			};
			name = Debug;
		};
		0E507383208B861A00ACD00B /* Release */ = {
			isa = XCBuildConfiguration;
			buildSettings = {
				ALWAYS_SEARCH_USER_PATHS = NO;
				CLANG_ANALYZER_NONNULL = YES;
				CLANG_ANALYZER_NUMBER_OBJECT_CONVERSION = YES_AGGRESSIVE;
				CLANG_CXX_LANGUAGE_STANDARD = "gnu++14";
				CLANG_CXX_LIBRARY = "libc++";
				CLANG_ENABLE_MODULES = YES;
				CLANG_ENABLE_OBJC_ARC = YES;
				CLANG_ENABLE_OBJC_WEAK = YES;
				CLANG_WARN_BLOCK_CAPTURE_AUTORELEASING = YES;
				CLANG_WARN_BOOL_CONVERSION = YES;
				CLANG_WARN_COMMA = YES;
				CLANG_WARN_CONSTANT_CONVERSION = YES;
				CLANG_WARN_DEPRECATED_OBJC_IMPLEMENTATIONS = YES;
				CLANG_WARN_DIRECT_OBJC_ISA_USAGE = YES_ERROR;
				CLANG_WARN_DOCUMENTATION_COMMENTS = YES;
				CLANG_WARN_EMPTY_BODY = YES;
				CLANG_WARN_ENUM_CONVERSION = YES;
				CLANG_WARN_INFINITE_RECURSION = YES;
				CLANG_WARN_INT_CONVERSION = YES;
				CLANG_WARN_NON_LITERAL_NULL_CONVERSION = YES;
				CLANG_WARN_OBJC_IMPLICIT_RETAIN_SELF = YES;
				CLANG_WARN_OBJC_LITERAL_CONVERSION = YES;
				CLANG_WARN_OBJC_ROOT_CLASS = YES_ERROR;
				CLANG_WARN_RANGE_LOOP_ANALYSIS = YES;
				CLANG_WARN_STRICT_PROTOTYPES = YES;
				CLANG_WARN_SUSPICIOUS_MOVE = YES;
				CLANG_WARN_UNGUARDED_AVAILABILITY = YES_AGGRESSIVE;
				CLANG_WARN_UNREACHABLE_CODE = YES;
				CLANG_WARN__DUPLICATE_METHOD_MATCH = YES;
				CODE_SIGN_IDENTITY = "-";
				COPY_PHASE_STRIP = NO;
				DEBUG_INFORMATION_FORMAT = "dwarf-with-dsym";
				ENABLE_NS_ASSERTIONS = NO;
				ENABLE_STRICT_OBJC_MSGSEND = YES;
				GCC_C_LANGUAGE_STANDARD = gnu11;
				GCC_NO_COMMON_BLOCKS = YES;
				GCC_WARN_64_TO_32_BIT_CONVERSION = YES;
				GCC_WARN_ABOUT_RETURN_TYPE = YES_ERROR;
				GCC_WARN_UNDECLARED_SELECTOR = YES;
				GCC_WARN_UNINITIALIZED_AUTOS = YES_AGGRESSIVE;
				GCC_WARN_UNUSED_FUNCTION = YES;
				GCC_WARN_UNUSED_VARIABLE = YES;
				MACOSX_DEPLOYMENT_TARGET = 10.13;
				MTL_ENABLE_DEBUG_INFO = NO;
				SDKROOT = macosx;
				SWIFT_COMPILATION_MODE = wholemodule;
				SWIFT_OPTIMIZATION_LEVEL = "-O";
			};
			name = Release;
		};
		0E507385208B861A00ACD00B /* Debug */ = {
			isa = XCBuildConfiguration;
			baseConfigurationReference = A1187C94A85D26BA93BCA360 /* Pods-create2Dgraphics.debug.xcconfig */;
			buildSettings = {
				ASSETCATALOG_COMPILER_APPICON_NAME = AppIcon;
				CODE_SIGN_ENTITLEMENTS = create2Dgraphics/create2Dgraphics.entitlements;
				CODE_SIGN_STYLE = Automatic;
				COMBINE_HIDPI_IMAGES = YES;
				INFOPLIST_FILE = create2Dgraphics/Info.plist;
				LD_RUNPATH_SEARCH_PATHS = (
					"$(inherited)",
					"@executable_path/../Frameworks",
				);
				PRODUCT_BUNDLE_IDENTIFIER = matsuda.create2Dgraphics;
				PRODUCT_NAME = "$(TARGET_NAME)";
				SWIFT_VERSION = 4.0;
			};
			name = Debug;
		};
		0E507386208B861A00ACD00B /* Release */ = {
			isa = XCBuildConfiguration;
			baseConfigurationReference = 78069318279091D0805EA14A /* Pods-create2Dgraphics.release.xcconfig */;
			buildSettings = {
				ASSETCATALOG_COMPILER_APPICON_NAME = AppIcon;
				CODE_SIGN_ENTITLEMENTS = create2Dgraphics/create2Dgraphics.entitlements;
				CODE_SIGN_STYLE = Automatic;
				COMBINE_HIDPI_IMAGES = YES;
				INFOPLIST_FILE = create2Dgraphics/Info.plist;
				LD_RUNPATH_SEARCH_PATHS = (
					"$(inherited)",
					"@executable_path/../Frameworks",
				);
				PRODUCT_BUNDLE_IDENTIFIER = matsuda.create2Dgraphics;
				PRODUCT_NAME = "$(TARGET_NAME)";
				SWIFT_VERSION = 4.0;
			};
			name = Release;
		};
		0E507388208B861A00ACD00B /* Debug */ = {
			isa = XCBuildConfiguration;
			baseConfigurationReference = 0579B2B86B33237C0989FD5E /* Pods-create2DgraphicsTests.debug.xcconfig */;
			buildSettings = {
				ALWAYS_EMBED_SWIFT_STANDARD_LIBRARIES = YES;
				BUNDLE_LOADER = "$(TEST_HOST)";
				CODE_SIGN_STYLE = Automatic;
				COMBINE_HIDPI_IMAGES = YES;
				INFOPLIST_FILE = create2DgraphicsTests/Info.plist;
				LD_RUNPATH_SEARCH_PATHS = (
					"$(inherited)",
					"@executable_path/../Frameworks",
					"@loader_path/../Frameworks",
				);
				PRODUCT_BUNDLE_IDENTIFIER = matsuda.create2DgraphicsTests;
				PRODUCT_NAME = "$(TARGET_NAME)";
				SWIFT_VERSION = 4.0;
				TEST_HOST = "$(BUILT_PRODUCTS_DIR)/create2Dgraphics.app/Contents/MacOS/create2Dgraphics";
			};
			name = Debug;
		};
		0E507389208B861A00ACD00B /* Release */ = {
			isa = XCBuildConfiguration;
			baseConfigurationReference = 6026215BF7F9BABF98200C3C /* Pods-create2DgraphicsTests.release.xcconfig */;
			buildSettings = {
				ALWAYS_EMBED_SWIFT_STANDARD_LIBRARIES = YES;
				BUNDLE_LOADER = "$(TEST_HOST)";
				CODE_SIGN_STYLE = Automatic;
				COMBINE_HIDPI_IMAGES = YES;
				INFOPLIST_FILE = create2DgraphicsTests/Info.plist;
				LD_RUNPATH_SEARCH_PATHS = (
					"$(inherited)",
					"@executable_path/../Frameworks",
					"@loader_path/../Frameworks",
				);
				PRODUCT_BUNDLE_IDENTIFIER = matsuda.create2DgraphicsTests;
				PRODUCT_NAME = "$(TARGET_NAME)";
				SWIFT_VERSION = 4.0;
				TEST_HOST = "$(BUILT_PRODUCTS_DIR)/create2Dgraphics.app/Contents/MacOS/create2Dgraphics";
			};
			name = Release;
		};
		0E50738B208B861A00ACD00B /* Debug */ = {
			isa = XCBuildConfiguration;
			baseConfigurationReference = F7E80084D6AF46933113D643 /* Pods-create2DgraphicsUITests.debug.xcconfig */;
			buildSettings = {
				ALWAYS_EMBED_SWIFT_STANDARD_LIBRARIES = YES;
				CODE_SIGN_STYLE = Automatic;
				COMBINE_HIDPI_IMAGES = YES;
				INFOPLIST_FILE = create2DgraphicsUITests/Info.plist;
				LD_RUNPATH_SEARCH_PATHS = (
					"$(inherited)",
					"@executable_path/../Frameworks",
					"@loader_path/../Frameworks",
				);
				PRODUCT_BUNDLE_IDENTIFIER = matsuda.create2DgraphicsUITests;
				PRODUCT_NAME = "$(TARGET_NAME)";
				SWIFT_VERSION = 4.0;
				TEST_TARGET_NAME = create2Dgraphics;
			};
			name = Debug;
		};
		0E50738C208B861A00ACD00B /* Release */ = {
			isa = XCBuildConfiguration;
			baseConfigurationReference = C26A9AC6DF87893385339042 /* Pods-create2DgraphicsUITests.release.xcconfig */;
			buildSettings = {
				ALWAYS_EMBED_SWIFT_STANDARD_LIBRARIES = YES;
				CODE_SIGN_STYLE = Automatic;
				COMBINE_HIDPI_IMAGES = YES;
				INFOPLIST_FILE = create2DgraphicsUITests/Info.plist;
				LD_RUNPATH_SEARCH_PATHS = (
					"$(inherited)",
					"@executable_path/../Frameworks",
					"@loader_path/../Frameworks",
				);
				PRODUCT_BUNDLE_IDENTIFIER = matsuda.create2DgraphicsUITests;
				PRODUCT_NAME = "$(TARGET_NAME)";
				SWIFT_VERSION = 4.0;
				TEST_TARGET_NAME = create2Dgraphics;
			};
			name = Release;
		};
/* End XCBuildConfiguration section */

/* Begin XCConfigurationList section */
		0E507359208B861800ACD00B /* Build configuration list for PBXProject "create2Dgraphics" */ = {
			isa = XCConfigurationList;
			buildConfigurations = (
				0E507382208B861A00ACD00B /* Debug */,
				0E507383208B861A00ACD00B /* Release */,
			);
			defaultConfigurationIsVisible = 0;
			defaultConfigurationName = Release;
		};
		0E507384208B861A00ACD00B /* Build configuration list for PBXNativeTarget "create2Dgraphics" */ = {
			isa = XCConfigurationList;
			buildConfigurations = (
				0E507385208B861A00ACD00B /* Debug */,
				0E507386208B861A00ACD00B /* Release */,
			);
			defaultConfigurationIsVisible = 0;
			defaultConfigurationName = Release;
		};
		0E507387208B861A00ACD00B /* Build configuration list for PBXNativeTarget "create2DgraphicsTests" */ = {
			isa = XCConfigurationList;
			buildConfigurations = (
				0E507388208B861A00ACD00B /* Debug */,
				0E507389208B861A00ACD00B /* Release */,
			);
			defaultConfigurationIsVisible = 0;
			defaultConfigurationName = Release;
		};
		0E50738A208B861A00ACD00B /* Build configuration list for PBXNativeTarget "create2DgraphicsUITests" */ = {
			isa = XCConfigurationList;
			buildConfigurations = (
				0E50738B208B861A00ACD00B /* Debug */,
				0E50738C208B861A00ACD00B /* Release */,
			);
			defaultConfigurationIsVisible = 0;
			defaultConfigurationName = Release;
		};
/* End XCConfigurationList section */
	};
	rootObject = 0E507356208B861800ACD00B /* Project object */;
}
